
Microsoft Visual Studio Solution File, Format Version 12.00
# Visual Studio 14
VisualStudioVersion = 14.0.25420.1
MinimumVisualStudioVersion = 10.0.40219.1
Project("{FAE04EC0-301F-11D3-BF4B-00C04F79EFBC}") = "Micro.Mr_Wanter.MVC", "Micro.Mr_Wanter.MVC\Micro.Mr_Wanter.MVC.csproj", "{44ACB947-78CD-4DCB-A60A-C3D38EBBF0C2}"
EndProject
Project("{2150E333-8FDC-42A3-9474-1A3956D46DE8}") = "Client", "Client", "{66C6C549-4D1E-409C-87D7-7D82E4F0C585}"
EndProject
Project("{2150E333-8FDC-42A3-9474-1A3956D46DE8}") = "Data", "Data", "{B6B5C0B0-0132-4284-A795-6796FBA23233}"
EndProject
Project("{2150E333-8FDC-42A3-9474-1A3956D46DE8}") = "Common", "Common", "{B799DB48-7B97-4FDA-BE1F-749DCF8EFC3B}"
EndProject
Project("{FAE04EC0-301F-11D3-BF4B-00C04F79EFBC}") = "Micro.Wanter.Interface", "Micro.Wanter.Interface\Micro.Wanter.Interface.csproj", "{90FA3587-D444-4457-A2FC-4982D0B93EE8}"
EndProject
Project("{FAE04EC0-301F-11D3-BF4B-00C04F79EFBC}") = "Micro.Wanter.Service", "Micro.Wanter.Service\Micro.Wanter.Service.csproj", "{8C53C7C1-6A53-4F33-8F9E-1D4535C7F93F}"
EndProject
Project("{FAE04EC0-301F-11D3-BF4B-00C04F79EFBC}") = "Micro.Wanter.Model", "Micro.Wanter.Model\Micro.Wanter.Model.csproj", "{0A611FD4-B854-48EF-8AC9-66A1BBA019E0}"
EndProject
Project("{FAE04EC0-301F-11D3-BF4B-00C04F79EFBC}") = "Micro.Wanter.Common", "Micro.Wanter.Common\Micro.Wanter.Common.csproj", "{C2C4523B-6296-48D1-AADC-6E7B8256195F}"
EndProject
Project("{2150E333-8FDC-42A3-9474-1A3956D46DE8}") = "RemoteData", "RemoteData", "{BEC56942-97C2-41F5-80BD-4170DA7E7DCE}"
EndProject
Project("{FAE04EC0-301F-11D3-BF4B-00C04F79EFBC}") = "Micor.Remote.Interface", "Micor.Remote.Interface\Micor.Remote.Interface.csproj", "{8634F0A2-1A75-4DF0-9C11-6072A975FEFC}"
EndProject
Project("{FAE04EC0-301F-11D3-BF4B-00C04F79EFBC}") = "Micor.Remote.Model", "Micor.Remote.Model\Micor.Remote.Model.csproj", "{968A1E3E-83A5-4AD5-A0F9-F8C3197F4BB0}"
EndProject
Project("{FAE04EC0-301F-11D3-BF4B-00C04F79EFBC}") = "Micor.Remote.Service", "Micor.Remote.Service\Micor.Remote.Service.csproj", "{15E1D470-E008-4E44-A7C6-8B0B16933BC6}"
EndProject
Project("{2150E333-8FDC-42A3-9474-1A3956D46DE8}") = "ElasticSearch2.4.2_Data", "ElasticSearch2.4.2_Data", "{7507239A-8A4F-4302-943A-D34E921CD96A}"
EndProject
Project("{FAE04EC0-301F-11D3-BF4B-00C04F79EFBC}") = "Micro.Es6.Interface", "Micro.Es6.Interface\Micro.Es6.Interface.csproj", "{FE43C9EF-1B2B-4D4D-A442-828A327BD538}"
EndProject
Project("{FAE04EC0-301F-11D3-BF4B-00C04F79EFBC}") = "Micro.Es6.Service", "Micro.Es6.Service\Micro.Es6.Service.csproj", "{99674E68-68DA-404D-9E85-099A78F7925A}"
EndProject
Project("{FAE04EC0-301F-11D3-BF4B-00C04F79EFBC}") = "Micro.Es6.Model", "Micro.Es6.Model\Micro.Es6.Model.csproj", "{04D382E5-9DD2-4A23-99CF-7109B042F92A}"
EndProject
Project("{FAE04EC0-301F-11D3-BF4B-00C04F79EFBC}") = "Micro.Sql.Service", "Micro.Sql.Service\Micro.Sql.Service.csproj", "{76D0884F-34FA-491E-86F7-B2D783B10C52}"
EndProject
Project("{2150E333-8FDC-42A3-9474-1A3956D46DE8}") = "WebApi", "WebApi", "{3DF0FF9F-28BF-49EF-A032-9DD762683F3C}"
EndProject
Project("{FAE04EC0-301F-11D3-BF4B-00C04F79EFBC}") = "Micro.Mr_Wanter.API", "Micro.Mr_Wanter.API\Micro.Mr_Wanter.API.csproj", "{1F25DCD7-7769-416E-9C61-8EDC5FAEF070}"
EndProject
Global
	GlobalSection(SolutionConfigurationPlatforms) = preSolution
		Debug|Any CPU = Debug|Any CPU
		Debug|x86 = Debug|x86
		Release|Any CPU = Release|Any CPU
		Release|x86 = Release|x86
	EndGlobalSection
	GlobalSection(ProjectConfigurationPlatforms) = postSolution
		{44ACB947-78CD-4DCB-A60A-C3D38EBBF0C2}.Debug|Any CPU.ActiveCfg = Debug|Any CPU
		{44ACB947-78CD-4DCB-A60A-C3D38EBBF0C2}.Debug|Any CPU.Build.0 = Debug|Any CPU
		{44ACB947-78CD-4DCB-A60A-C3D38EBBF0C2}.Debug|x86.ActiveCfg = Debug|Any CPU
		{44ACB947-78CD-4DCB-A60A-C3D38EBBF0C2}.Debug|x86.Build.0 = Debug|Any CPU
		{44ACB947-78CD-4DCB-A60A-C3D38EBBF0C2}.Release|Any CPU.ActiveCfg = Release|Any CPU
		{44ACB947-78CD-4DCB-A60A-C3D38EBBF0C2}.Release|Any CPU.Build.0 = Release|Any CPU
		{44ACB947-78CD-4DCB-A60A-C3D38EBBF0C2}.Release|x86.ActiveCfg = Release|Any CPU
		{44ACB947-78CD-4DCB-A60A-C3D38EBBF0C2}.Release|x86.Build.0 = Release|Any CPU
		{90FA3587-D444-4457-A2FC-4982D0B93EE8}.Debug|Any CPU.ActiveCfg = Debug|Any CPU
		{90FA3587-D444-4457-A2FC-4982D0B93EE8}.Debug|Any CPU.Build.0 = Debug|Any CPU
		{90FA3587-D444-4457-A2FC-4982D0B93EE8}.Debug|x86.ActiveCfg = Debug|Any CPU
		{90FA3587-D444-4457-A2FC-4982D0B93EE8}.Debug|x86.Build.0 = Debug|Any CPU
		{90FA3587-D444-4457-A2FC-4982D0B93EE8}.Release|Any CPU.ActiveCfg = Release|Any CPU
		{90FA3587-D444-4457-A2FC-4982D0B93EE8}.Release|Any CPU.Build.0 = Release|Any CPU
		{90FA3587-D444-4457-A2FC-4982D0B93EE8}.Release|x86.ActiveCfg = Release|Any CPU
		{90FA3587-D444-4457-A2FC-4982D0B93EE8}.Release|x86.Build.0 = Release|Any CPU
		{8C53C7C1-6A53-4F33-8F9E-1D4535C7F93F}.Debug|Any CPU.ActiveCfg = Debug|Any CPU
		{8C53C7C1-6A53-4F33-8F9E-1D4535C7F93F}.Debug|Any CPU.Build.0 = Debug|Any CPU
		{8C53C7C1-6A53-4F33-8F9E-1D4535C7F93F}.Debug|x86.ActiveCfg = Debug|Any CPU
		{8C53C7C1-6A53-4F33-8F9E-1D4535C7F93F}.Debug|x86.Build.0 = Debug|Any CPU
		{8C53C7C1-6A53-4F33-8F9E-1D4535C7F93F}.Release|Any CPU.ActiveCfg = Release|Any CPU
		{8C53C7C1-6A53-4F33-8F9E-1D4535C7F93F}.Release|Any CPU.Build.0 = Release|Any CPU
		{8C53C7C1-6A53-4F33-8F9E-1D4535C7F93F}.Release|x86.ActiveCfg = Release|Any CPU
		{8C53C7C1-6A53-4F33-8F9E-1D4535C7F93F}.Release|x86.Build.0 = Release|Any CPU
		{0A611FD4-B854-48EF-8AC9-66A1BBA019E0}.Debug|Any CPU.ActiveCfg = Debug|Any CPU
		{0A611FD4-B854-48EF-8AC9-66A1BBA019E0}.Debug|Any CPU.Build.0 = Debug|Any CPU
		{0A611FD4-B854-48EF-8AC9-66A1BBA019E0}.Debug|x86.ActiveCfg = Debug|Any CPU
		{0A611FD4-B854-48EF-8AC9-66A1BBA019E0}.Debug|x86.Build.0 = Debug|Any CPU
		{0A611FD4-B854-48EF-8AC9-66A1BBA019E0}.Release|Any CPU.ActiveCfg = Release|Any CPU
		{0A611FD4-B854-48EF-8AC9-66A1BBA019E0}.Release|Any CPU.Build.0 = Release|Any CPU
		{0A611FD4-B854-48EF-8AC9-66A1BBA019E0}.Release|x86.ActiveCfg = Release|Any CPU
		{0A611FD4-B854-48EF-8AC9-66A1BBA019E0}.Release|x86.Build.0 = Release|Any CPU
		{C2C4523B-6296-48D1-AADC-6E7B8256195F}.Debug|Any CPU.ActiveCfg = Debug|Any CPU
		{C2C4523B-6296-48D1-AADC-6E7B8256195F}.Debug|Any CPU.Build.0 = Debug|Any CPU
		{C2C4523B-6296-48D1-AADC-6E7B8256195F}.Debug|x86.ActiveCfg = Debug|Any CPU
		{C2C4523B-6296-48D1-AADC-6E7B8256195F}.Debug|x86.Build.0 = Debug|Any CPU
		{C2C4523B-6296-48D1-AADC-6E7B8256195F}.Release|Any CPU.ActiveCfg = Release|Any CPU
		{C2C4523B-6296-48D1-AADC-6E7B8256195F}.Release|Any CPU.Build.0 = Release|Any CPU
		{C2C4523B-6296-48D1-AADC-6E7B8256195F}.Release|x86.ActiveCfg = Release|Any CPU
		{C2C4523B-6296-48D1-AADC-6E7B8256195F}.Release|x86.Build.0 = Release|Any CPU
		{8634F0A2-1A75-4DF0-9C11-6072A975FEFC}.Debug|Any CPU.ActiveCfg = Debug|Any CPU
		{8634F0A2-1A75-4DF0-9C11-6072A975FEFC}.Debug|Any CPU.Build.0 = Debug|Any CPU
		{8634F0A2-1A75-4DF0-9C11-6072A975FEFC}.Debug|x86.ActiveCfg = Debug|Any CPU
		{8634F0A2-1A75-4DF0-9C11-6072A975FEFC}.Debug|x86.Build.0 = Debug|Any CPU
		{8634F0A2-1A75-4DF0-9C11-6072A975FEFC}.Release|Any CPU.ActiveCfg = Release|Any CPU
		{8634F0A2-1A75-4DF0-9C11-6072A975FEFC}.Release|Any CPU.Build.0 = Release|Any CPU
		{8634F0A2-1A75-4DF0-9C11-6072A975FEFC}.Release|x86.ActiveCfg = Release|Any CPU
		{8634F0A2-1A75-4DF0-9C11-6072A975FEFC}.Release|x86.Build.0 = Release|Any CPU
		{968A1E3E-83A5-4AD5-A0F9-F8C3197F4BB0}.Debug|Any CPU.ActiveCfg = Debug|Any CPU
		{968A1E3E-83A5-4AD5-A0F9-F8C3197F4BB0}.Debug|Any CPU.Build.0 = Debug|Any CPU
		{968A1E3E-83A5-4AD5-A0F9-F8C3197F4BB0}.Debug|x86.ActiveCfg = Debug|Any CPU
		{968A1E3E-83A5-4AD5-A0F9-F8C3197F4BB0}.Debug|x86.Build.0 = Debug|Any CPU
		{968A1E3E-83A5-4AD5-A0F9-F8C3197F4BB0}.Release|Any CPU.ActiveCfg = Release|Any CPU
		{968A1E3E-83A5-4AD5-A0F9-F8C3197F4BB0}.Release|Any CPU.Build.0 = Release|Any CPU
		{968A1E3E-83A5-4AD5-A0F9-F8C3197F4BB0}.Release|x86.ActiveCfg = Release|Any CPU
		{968A1E3E-83A5-4AD5-A0F9-F8C3197F4BB0}.Release|x86.Build.0 = Release|Any CPU
		{15E1D470-E008-4E44-A7C6-8B0B16933BC6}.Debug|Any CPU.ActiveCfg = Debug|Any CPU
		{15E1D470-E008-4E44-A7C6-8B0B16933BC6}.Debug|Any CPU.Build.0 = Debug|Any CPU
		{15E1D470-E008-4E44-A7C6-8B0B16933BC6}.Debug|x86.ActiveCfg = Debug|Any CPU
		{15E1D470-E008-4E44-A7C6-8B0B16933BC6}.Debug|x86.Build.0 = Debug|Any CPU
		{15E1D470-E008-4E44-A7C6-8B0B16933BC6}.Release|Any CPU.ActiveCfg = Release|Any CPU
		{15E1D470-E008-4E44-A7C6-8B0B16933BC6}.Release|Any CPU.Build.0 = Release|Any CPU
		{15E1D470-E008-4E44-A7C6-8B0B16933BC6}.Release|x86.ActiveCfg = Release|Any CPU
		{15E1D470-E008-4E44-A7C6-8B0B16933BC6}.Release|x86.Build.0 = Release|Any CPU
		{FE43C9EF-1B2B-4D4D-A442-828A327BD538}.Debug|Any CPU.ActiveCfg = Debug|Any CPU
		{FE43C9EF-1B2B-4D4D-A442-828A327BD538}.Debug|Any CPU.Build.0 = Debug|Any CPU
		{FE43C9EF-1B2B-4D4D-A442-828A327BD538}.Debug|x86.ActiveCfg = Debug|Any CPU
		{FE43C9EF-1B2B-4D4D-A442-828A327BD538}.Debug|x86.Build.0 = Debug|Any CPU
		{FE43C9EF-1B2B-4D4D-A442-828A327BD538}.Release|Any CPU.ActiveCfg = Release|Any CPU
		{FE43C9EF-1B2B-4D4D-A442-828A327BD538}.Release|Any CPU.Build.0 = Release|Any CPU
		{FE43C9EF-1B2B-4D4D-A442-828A327BD538}.Release|x86.ActiveCfg = Release|Any CPU
		{FE43C9EF-1B2B-4D4D-A442-828A327BD538}.Release|x86.Build.0 = Release|Any CPU
		{99674E68-68DA-404D-9E85-099A78F7925A}.Debug|Any CPU.ActiveCfg = Debug|Any CPU
		{99674E68-68DA-404D-9E85-099A78F7925A}.Debug|Any CPU.Build.0 = Debug|Any CPU
		{99674E68-68DA-404D-9E85-099A78F7925A}.Debug|x86.ActiveCfg = Debug|Any CPU
		{99674E68-68DA-404D-9E85-099A78F7925A}.Debug|x86.Build.0 = Debug|Any CPU
		{99674E68-68DA-404D-9E85-099A78F7925A}.Release|Any CPU.ActiveCfg = Release|Any CPU
		{99674E68-68DA-404D-9E85-099A78F7925A}.Release|Any CPU.Build.0 = Release|Any CPU
		{99674E68-68DA-404D-9E85-099A78F7925A}.Release|x86.ActiveCfg = Release|Any CPU
		{99674E68-68DA-404D-9E85-099A78F7925A}.Release|x86.Build.0 = Release|Any CPU
		{04D382E5-9DD2-4A23-99CF-7109B042F92A}.Debug|Any CPU.ActiveCfg = Debug|Any CPU
		{04D382E5-9DD2-4A23-99CF-7109B042F92A}.Debug|Any CPU.Build.0 = Debug|Any CPU
		{04D382E5-9DD2-4A23-99CF-7109B042F92A}.Debug|x86.ActiveCfg = Debug|Any CPU
		{04D382E5-9DD2-4A23-99CF-7109B042F92A}.Debug|x86.Build.0 = Debug|Any CPU
		{04D382E5-9DD2-4A23-99CF-7109B042F92A}.Release|Any CPU.ActiveCfg = Release|Any CPU
		{04D382E5-9DD2-4A23-99CF-7109B042F92A}.Release|Any CPU.Build.0 = Release|Any CPU
		{04D382E5-9DD2-4A23-99CF-7109B042F92A}.Release|x86.ActiveCfg = Release|Any CPU
		{04D382E5-9DD2-4A23-99CF-7109B042F92A}.Release|x86.Build.0 = Release|Any CPU
		{76D0884F-34FA-491E-86F7-B2D783B10C52}.Debug|Any CPU.ActiveCfg = Debug|Any CPU
		{76D0884F-34FA-491E-86F7-B2D783B10C52}.Debug|Any CPU.Build.0 = Debug|Any CPU
		{76D0884F-34FA-491E-86F7-B2D783B10C52}.Debug|x86.ActiveCfg = Debug|Any CPU
		{76D0884F-34FA-491E-86F7-B2D783B10C52}.Release|Any CPU.ActiveCfg = Release|Any CPU
		{76D0884F-34FA-491E-86F7-B2D783B10C52}.Release|Any CPU.Build.0 = Release|Any CPU
		{76D0884F-34FA-491E-86F7-B2D783B10C52}.Release|x86.ActiveCfg = Release|Any CPU
		{1F25DCD7-7769-416E-9C61-8EDC5FAEF070}.Debug|Any CPU.ActiveCfg = Debug|Any CPU
		{1F25DCD7-7769-416E-9C61-8EDC5FAEF070}.Debug|Any CPU.Build.0 = Debug|Any CPU
		{1F25DCD7-7769-416E-9C61-8EDC5FAEF070}.Debug|x86.ActiveCfg = Debug|x86
		{1F25DCD7-7769-416E-9C61-8EDC5FAEF070}.Debug|x86.Build.0 = Debug|x86
		{1F25DCD7-7769-416E-9C61-8EDC5FAEF070}.Release|Any CPU.ActiveCfg = Release|Any CPU
		{1F25DCD7-7769-416E-9C61-8EDC5FAEF070}.Release|Any CPU.Build.0 = Release|Any CPU
		{1F25DCD7-7769-416E-9C61-8EDC5FAEF070}.Release|x86.ActiveCfg = Release|x86
		{1F25DCD7-7769-416E-9C61-8EDC5FAEF070}.Release|x86.Build.0 = Release|x86
	EndGlobalSection
	GlobalSection(SolutionProperties) = preSolution
		HideSolutionNode = FALSE
	EndGlobalSection
	GlobalSection(NestedProjects) = preSolution
		{44ACB947-78CD-4DCB-A60A-C3D38EBBF0C2} = {66C6C549-4D1E-409C-87D7-7D82E4F0C585}
		{90FA3587-D444-4457-A2FC-4982D0B93EE8} = {B6B5C0B0-0132-4284-A795-6796FBA23233}
		{8C53C7C1-6A53-4F33-8F9E-1D4535C7F93F} = {B6B5C0B0-0132-4284-A795-6796FBA23233}
		{0A611FD4-B854-48EF-8AC9-66A1BBA019E0} = {B6B5C0B0-0132-4284-A795-6796FBA23233}
		{C2C4523B-6296-48D1-AADC-6E7B8256195F} = {B799DB48-7B97-4FDA-BE1F-749DCF8EFC3B}
		{8634F0A2-1A75-4DF0-9C11-6072A975FEFC} = {BEC56942-97C2-41F5-80BD-4170DA7E7DCE}
		{968A1E3E-83A5-4AD5-A0F9-F8C3197F4BB0} = {BEC56942-97C2-41F5-80BD-4170DA7E7DCE}
		{15E1D470-E008-4E44-A7C6-8B0B16933BC6} = {BEC56942-97C2-41F5-80BD-4170DA7E7DCE}
		{FE43C9EF-1B2B-4D4D-A442-828A327BD538} = {7507239A-8A4F-4302-943A-D34E921CD96A}
		{99674E68-68DA-404D-9E85-099A78F7925A} = {7507239A-8A4F-4302-943A-D34E921CD96A}
		{04D382E5-9DD2-4A23-99CF-7109B042F92A} = {7507239A-8A4F-4302-943A-D34E921CD96A}
		{76D0884F-34FA-491E-86F7-B2D783B10C52} = {7507239A-8A4F-4302-943A-D34E921CD96A}
		{1F25DCD7-7769-416E-9C61-8EDC5FAEF070} = {3DF0FF9F-28BF-49EF-A032-9DD762683F3C}
	EndGlobalSection
	GlobalSection(ExtensibilityGlobals) = postSolution
		SolutionGuid = {A3DA7A23-0BDB-48E1-9FF0-09CAAC2F625E}
	EndGlobalSection
EndGlobal
